
Microsoft Visual Studio Solution File, Format Version 12.00
# Visual Studio Version 17
VisualStudioVersion = 17.5.33424.131
MinimumVisualStudioVersion = 10.0.40219.1
Project("{9A19103F-16F7-4668-BE54-9A1E7A4F7556}") = "Stratos.DataFetcher", "Stratos.DataFetcher\Stratos.DataFetcher.csproj", "{8B86F43A-94F8-4D83-8EA4-BF1452E89568}"
EndProject
Project("{9A19103F-16F7-4668-BE54-9A1E7A4F7556}") = "WeatherInterface", "..\WeatherInterfaceNextGen\WeatherInterface\WeatherInterface.csproj", "{165616E8-95B6-42A5-A022-C1BDD815FF5B}"
EndProject
Global
	GlobalSection(SolutionConfigurationPlatforms) = preSolution
		Debug|Any CPU = Debug|Any CPU
		Release|Any CPU = Release|Any CPU
	EndGlobalSection
	GlobalSection(ProjectConfigurationPlatforms) = postSolution
		{8B86F43A-94F8-4D83-8EA4-BF1452E89568}.Debug|Any CPU.ActiveCfg = Debug|Any CPU
		{8B86F43A-94F8-4D83-8EA4-BF1452E89568}.Debug|Any CPU.Build.0 = Debug|Any CPU
		{8B86F43A-94F8-4D83-8EA4-BF1452E89568}.Release|Any CPU.ActiveCfg = Release|Any CPU
		{8B86F43A-94F8-4D83-8EA4-BF1452E89568}.Release|Any CPU.Build.0 = Release|Any CPU
		{165616E8-95B6-42A5-A022-C1BDD815FF5B}.Debug|Any CPU.ActiveCfg = Debug|Any CPU
		{165616E8-95B6-42A5-A022-C1BDD815FF5B}.Debug|Any CPU.Build.0 = Debug|Any CPU
		{165616E8-95B6-42A5-A022-C1BDD815FF5B}.Release|Any CPU.ActiveCfg = Release|Any CPU
		{165616E8-95B6-42A5-A022-C1BDD815FF5B}.Release|Any CPU.Build.0 = Release|Any CPU
	EndGlobalSection
	GlobalSection(SolutionProperties) = preSolution
		HideSolutionNode = FALSE
	EndGlobalSection
	GlobalSection(ExtensibilityGlobals) = postSolution
		SolutionGuid = {77B39DFC-3C3B-47BD-AFB1-10090E058D10}
	EndGlobalSection
EndGlobal
